
Microsoft Visual Studio Solution File, Format Version 12.00
# Visual Studio Version 17
VisualStudioVersion = 17.2.32602.215
MinimumVisualStudioVersion = 10.0.40219.1
Project("{FAE04EC0-301F-11D3-BF4B-00C04F79EFBC}") = "TestSAWUBONA", "TestSAWUBONA\TestSAWUBONA.csproj", "{CABD2392-6628-4FB1-BB2D-A16ECC357FF4}"
EndProject
Global
	GlobalSection(SolutionConfigurationPlatforms) = preSolution
		Debug|Any CPU = Debug|Any CPU
		Release|Any CPU = Release|Any CPU
	EndGlobalSection
	GlobalSection(ProjectConfigurationPlatforms) = postSolution
		{CABD2392-6628-4FB1-BB2D-A16ECC357FF4}.Debug|Any CPU.ActiveCfg = Debug|Any CPU
		{CABD2392-6628-4FB1-BB2D-A16ECC357FF4}.Debug|Any CPU.Build.0 = Debug|Any CPU
		{CABD2392-6628-4FB1-BB2D-A16ECC357FF4}.Release|Any CPU.ActiveCfg = Release|Any CPU
		{CABD2392-6628-4FB1-BB2D-A16ECC357FF4}.Release|Any CPU.Build.0 = Release|Any CPU
	EndGlobalSection
	GlobalSection(SolutionProperties) = preSolution
		HideSolutionNode = FALSE
	EndGlobalSection
	GlobalSection(ExtensibilityGlobals) = postSolution
		SolutionGuid = {D06B0E88-3E77-4D73-A12F-118A8870EE90}
	EndGlobalSection
EndGlobal
